
Microsoft Visual Studio Solution File, Format Version 12.00
# Visual Studio Version 17
VisualStudioVersion = 17.5.33627.172
MinimumVisualStudioVersion = 10.0.40219.1
Project("{9A19103F-16F7-4668-BE54-9A1E7A4F7556}") = "eCommerce.Core", "src\eCommerce.Core\eCommerce.Core.csproj", "{B9817E90-EC2B-4FD8-A7E5-C9023EF01287}"
EndProject
Project("{9A19103F-16F7-4668-BE54-9A1E7A4F7556}") = "eCommerce.Application", "src\eCommerce.Application\eCommerce.Application.csproj", "{44AA7B53-1AD0-4B3B-8B82-2009BC07AACA}"
EndProject
Project("{9A19103F-16F7-4668-BE54-9A1E7A4F7556}") = "eCommerce.Infrastructure", "src\eCommerce.Infrastructure\eCommerce.Infrastructure.csproj", "{71423802-4799-4D83-A33A-0C18E4050322}"
EndProject
Project("{9A19103F-16F7-4668-BE54-9A1E7A4F7556}") = "eCommerce.Web", "src\eCommerce.Web\eCommerce.Web.csproj", "{AB055405-5410-44FC-ADF3-12119CF3B8AE}"
EndProject
Project("{2150E333-8FDC-42A3-9474-1A3956D46DE8}") = "src", "src", "{7B2016F1-0CFF-498D-88C4-AD5E30AEA206}"
EndProject
Project("{2150E333-8FDC-42A3-9474-1A3956D46DE8}") = "tests", "tests", "{94DAF4AB-DDB0-4112-A70F-0BC6326AE36E}"
EndProject
Project("{FAE04EC0-301F-11D3-BF4B-00C04F79EFBC}") = "eCommerce.Core.Tests", "tests\eCommerce.Core.Tests\eCommerce.Core.Tests.csproj", "{46A83164-1AE8-401C-8B7A-70A058CB2B19}"
EndProject
Project("{FAE04EC0-301F-11D3-BF4B-00C04F79EFBC}") = "eCommerce.Application.Tests", "tests\eCommerce.Application.Tests\eCommerce.Application.Tests.csproj", "{2DCB6AD2-A008-4E06-94BD-C26F60AC7D51}"
EndProject
Project("{FAE04EC0-301F-11D3-BF4B-00C04F79EFBC}") = "eCommerce.Infrastructure.Tests", "tests\eCommerce.Infrastructure.Tests\eCommerce.Infrastructure.Tests.csproj", "{E23E5BFE-B3F1-4B59-A46D-92F71636BB7D}"
EndProject
Project("{FAE04EC0-301F-11D3-BF4B-00C04F79EFBC}") = "eCommerce.Web.Tests", "tests\eCommerce.Web.Tests\eCommerce.Web.Tests.csproj", "{A49BBDAD-9654-4688-AD78-8B49EC1682D7}"
EndProject
Global
	GlobalSection(SolutionConfigurationPlatforms) = preSolution
		Debug|Any CPU = Debug|Any CPU
		Release|Any CPU = Release|Any CPU
	EndGlobalSection
	GlobalSection(ProjectConfigurationPlatforms) = postSolution
		{B9817E90-EC2B-4FD8-A7E5-C9023EF01287}.Debug|Any CPU.ActiveCfg = Debug|Any CPU
		{B9817E90-EC2B-4FD8-A7E5-C9023EF01287}.Debug|Any CPU.Build.0 = Debug|Any CPU
		{B9817E90-EC2B-4FD8-A7E5-C9023EF01287}.Release|Any CPU.ActiveCfg = Release|Any CPU
		{B9817E90-EC2B-4FD8-A7E5-C9023EF01287}.Release|Any CPU.Build.0 = Release|Any CPU
		{44AA7B53-1AD0-4B3B-8B82-2009BC07AACA}.Debug|Any CPU.ActiveCfg = Debug|Any CPU
		{44AA7B53-1AD0-4B3B-8B82-2009BC07AACA}.Debug|Any CPU.Build.0 = Debug|Any CPU
		{44AA7B53-1AD0-4B3B-8B82-2009BC07AACA}.Release|Any CPU.ActiveCfg = Release|Any CPU
		{44AA7B53-1AD0-4B3B-8B82-2009BC07AACA}.Release|Any CPU.Build.0 = Release|Any CPU
		{71423802-4799-4D83-A33A-0C18E4050322}.Debug|Any CPU.ActiveCfg = Debug|Any CPU
		{71423802-4799-4D83-A33A-0C18E4050322}.Debug|Any CPU.Build.0 = Debug|Any CPU
		{71423802-4799-4D83-A33A-0C18E4050322}.Release|Any CPU.ActiveCfg = Release|Any CPU
		{71423802-4799-4D83-A33A-0C18E4050322}.Release|Any CPU.Build.0 = Release|Any CPU
		{AB055405-5410-44FC-ADF3-12119CF3B8AE}.Debug|Any CPU.ActiveCfg = Debug|Any CPU
		{AB055405-5410-44FC-ADF3-12119CF3B8AE}.Debug|Any CPU.Build.0 = Debug|Any CPU
		{AB055405-5410-44FC-ADF3-12119CF3B8AE}.Release|Any CPU.ActiveCfg = Release|Any CPU
		{AB055405-5410-44FC-ADF3-12119CF3B8AE}.Release|Any CPU.Build.0 = Release|Any CPU
		{46A83164-1AE8-401C-8B7A-70A058CB2B19}.Debug|Any CPU.ActiveCfg = Debug|Any CPU
		{46A83164-1AE8-401C-8B7A-70A058CB2B19}.Debug|Any CPU.Build.0 = Debug|Any CPU
		{46A83164-1AE8-401C-8B7A-70A058CB2B19}.Release|Any CPU.ActiveCfg = Release|Any CPU
		{46A83164-1AE8-401C-8B7A-70A058CB2B19}.Release|Any CPU.Build.0 = Release|Any CPU
		{2DCB6AD2-A008-4E06-94BD-C26F60AC7D51}.Debug|Any CPU.ActiveCfg = Debug|Any CPU
		{2DCB6AD2-A008-4E06-94BD-C26F60AC7D51}.Debug|Any CPU.Build.0 = Debug|Any CPU
		{2DCB6AD2-A008-4E06-94BD-C26F60AC7D51}.Release|Any CPU.ActiveCfg = Release|Any CPU
		{2DCB6AD2-A008-4E06-94BD-C26F60AC7D51}.Release|Any CPU.Build.0 = Release|Any CPU
		{E23E5BFE-B3F1-4B59-A46D-92F71636BB7D}.Debug|Any CPU.ActiveCfg = Debug|Any CPU
		{E23E5BFE-B3F1-4B59-A46D-92F71636BB7D}.Debug|Any CPU.Build.0 = Debug|Any CPU
		{E23E5BFE-B3F1-4B59-A46D-92F71636BB7D}.Release|Any CPU.ActiveCfg = Release|Any CPU
		{E23E5BFE-B3F1-4B59-A46D-92F71636BB7D}.Release|Any CPU.Build.0 = Release|Any CPU
		{A49BBDAD-9654-4688-AD78-8B49EC1682D7}.Debug|Any CPU.ActiveCfg = Debug|Any CPU
		{A49BBDAD-9654-4688-AD78-8B49EC1682D7}.Debug|Any CPU.Build.0 = Debug|Any CPU
		{A49BBDAD-9654-4688-AD78-8B49EC1682D7}.Release|Any CPU.ActiveCfg = Release|Any CPU
		{A49BBDAD-9654-4688-AD78-8B49EC1682D7}.Release|Any CPU.Build.0 = Release|Any CPU
	EndGlobalSection
	GlobalSection(SolutionProperties) = preSolution
		HideSolutionNode = FALSE
	EndGlobalSection
	GlobalSection(NestedProjects) = preSolution
		{B9817E90-EC2B-4FD8-A7E5-C9023EF01287} = {7B2016F1-0CFF-498D-88C4-AD5E30AEA206}
		{44AA7B53-1AD0-4B3B-8B82-2009BC07AACA} = {7B2016F1-0CFF-498D-88C4-AD5E30AEA206}
		{71423802-4799-4D83-A33A-0C18E4050322} = {7B2016F1-0CFF-498D-88C4-AD5E30AEA206}
		{AB055405-5410-44FC-ADF3-12119CF3B8AE} = {7B2016F1-0CFF-498D-88C4-AD5E30AEA206}
		{46A83164-1AE8-401C-8B7A-70A058CB2B19} = {94DAF4AB-DDB0-4112-A70F-0BC6326AE36E}
		{2DCB6AD2-A008-4E06-94BD-C26F60AC7D51} = {94DAF4AB-DDB0-4112-A70F-0BC6326AE36E}
		{E23E5BFE-B3F1-4B59-A46D-92F71636BB7D} = {94DAF4AB-DDB0-4112-A70F-0BC6326AE36E}
		{A49BBDAD-9654-4688-AD78-8B49EC1682D7} = {94DAF4AB-DDB0-4112-A70F-0BC6326AE36E}
	EndGlobalSection
	GlobalSection(ExtensibilityGlobals) = postSolution
		SolutionGuid = {F078FE7B-EFBE-456C-8376-C9C729079D50}
	EndGlobalSection
EndGlobal
